
Microsoft Visual Studio Solution File, Format Version 12.00
# Visual Studio 2012
Project("{FAE04EC0-301F-11D3-BF4B-00C04F79EFBC}") = "Improving.Blogs.Tests", "Improving.Blogs.Tests\Improving.Blogs.Tests.csproj", "{93915F45-D626-4A28-9ADB-90D1443291DF}"
EndProject
Project("{FAE04EC0-301F-11D3-BF4B-00C04F79EFBC}") = "Improving.Blogs.Domain", "Improving.Blogs.Domain\Improving.Blogs.Domain.csproj", "{6E868F77-3AF8-4FE0-83D3-A3C44C829501}"
EndProject
Global
	GlobalSection(SolutionConfigurationPlatforms) = preSolution
		Debug|Any CPU = Debug|Any CPU
		Release|Any CPU = Release|Any CPU
	EndGlobalSection
	GlobalSection(ProjectConfigurationPlatforms) = postSolution
		{93915F45-D626-4A28-9ADB-90D1443291DF}.Debug|Any CPU.ActiveCfg = Debug|Any CPU
		{93915F45-D626-4A28-9ADB-90D1443291DF}.Debug|Any CPU.Build.0 = Debug|Any CPU
		{93915F45-D626-4A28-9ADB-90D1443291DF}.Release|Any CPU.ActiveCfg = Release|Any CPU
		{93915F45-D626-4A28-9ADB-90D1443291DF}.Release|Any CPU.Build.0 = Release|Any CPU
		{6E868F77-3AF8-4FE0-83D3-A3C44C829501}.Debug|Any CPU.ActiveCfg = Debug|Any CPU
		{6E868F77-3AF8-4FE0-83D3-A3C44C829501}.Debug|Any CPU.Build.0 = Debug|Any CPU
		{6E868F77-3AF8-4FE0-83D3-A3C44C829501}.Release|Any CPU.ActiveCfg = Release|Any CPU
		{6E868F77-3AF8-4FE0-83D3-A3C44C829501}.Release|Any CPU.Build.0 = Release|Any CPU
	EndGlobalSection
	GlobalSection(SolutionProperties) = preSolution
		HideSolutionNode = FALSE
	EndGlobalSection
EndGlobal
